
Microsoft Visual Studio Solution File, Format Version 12.00
# Visual Studio Version 17
VisualStudioVersion = 17.7.34221.43
MinimumVisualStudioVersion = 10.0.40219.1
Project("{2150E333-8FDC-42A3-9474-1A3956D46DE8}") = "src", "src", "{9225A15A-CF95-4E78-A8D1-9A9E11C5EB5C}"
EndProject
Project("{2150E333-8FDC-42A3-9474-1A3956D46DE8}") = "Building Blocks", "Building Blocks", "{89AD331C-A619-4B95-B63C-9BCF1C468AC1}"
EndProject
Project("{2150E333-8FDC-42A3-9474-1A3956D46DE8}") = "Services", "Services", "{378CDABB-C7D9-40A6-BD56-94190E8C600F}"
EndProject
Project("{2150E333-8FDC-42A3-9474-1A3956D46DE8}") = "Web", "Web", "{6C0489BF-43BF-4920-86E9-ABB46794B5F1}"
EndProject
Project("{2150E333-8FDC-42A3-9474-1A3956D46DE8}") = "MVC", "MVC", "{ABF2D4CD-8A24-49E1-9317-94546CCAAB85}"
EndProject
Project("{9A19103F-16F7-4668-BE54-9A1E7A4F7556}") = "NSE.WebApp.MVC", "src\web\NSE.WebApp.MVC\NSE.WebApp.MVC.csproj", "{0FD67DAD-161A-4018-8104-39A7CE1C6C50}"
EndProject
Project("{2150E333-8FDC-42A3-9474-1A3956D46DE8}") = "Core", "Core", "{3A9AB884-A655-435D-ADDC-FB2649D78353}"
EndProject
Project("{9A19103F-16F7-4668-BE54-9A1E7A4F7556}") = "NSE.Core", "src\building blocks\NSE.Core\NSE.Core.csproj", "{13458F30-6D7D-446F-AA5A-9398EF7C01C9}"
EndProject
Project("{2150E333-8FDC-42A3-9474-1A3956D46DE8}") = "Basket", "Basket", "{03668D05-E65C-40AC-ADCC-9D840EE963B3}"
EndProject
Project("{9A19103F-16F7-4668-BE54-9A1E7A4F7556}") = "NSE.Basket.API", "src\services\NSE.Basket.API\NSE.Basket.API.csproj", "{533B382B-0739-4328-BF27-D67A5D5764D8}"
EndProject
Project("{2150E333-8FDC-42A3-9474-1A3956D46DE8}") = "Catalog", "Catalog", "{44E39590-44C6-439C-B482-24F5D841CB05}"
EndProject
Project("{9A19103F-16F7-4668-BE54-9A1E7A4F7556}") = "NSE.Catalog.API", "src\services\NSE.Catalog.API\NSE.Catalog.API.csproj", "{4AC580D8-02B8-4B7C-A8F9-4245416A28CC}"
EndProject
Project("{2150E333-8FDC-42A3-9474-1A3956D46DE8}") = "Customer", "Customer", "{FB227888-B864-420E-9F1C-1E5D28C6E67E}"
EndProject
Project("{9A19103F-16F7-4668-BE54-9A1E7A4F7556}") = "NSE.Customer.API", "src\services\NSE.Customer.API\NSE.Customer.API.csproj", "{4977A989-CB23-4ADD-8332-5D3C6EAFE927}"
EndProject
Project("{2150E333-8FDC-42A3-9474-1A3956D46DE8}") = "Identity", "Identity", "{EC7F6990-D2E1-4709-8D5A-1AB0AC814C9C}"
EndProject
Project("{9A19103F-16F7-4668-BE54-9A1E7A4F7556}") = "NSE.Identity.API", "src\services\NSE.Identity.API\NSE.Identity.API.csproj", "{0EF8454B-AFDF-43B5-B0B2-8BD4AC6CCBA2}"
EndProject
Project("{2150E333-8FDC-42A3-9474-1A3956D46DE8}") = "Payment", "Payment", "{6718C011-B99D-4CF8-A883-D55C5E87CDEC}"
EndProject
Project("{9A19103F-16F7-4668-BE54-9A1E7A4F7556}") = "NSE.Payment.API", "src\services\NSE.Payment.API\NSE.Payment.API.csproj", "{575BCEF1-34ED-4288-BC89-B783402E2C05}"
EndProject
Project("{2150E333-8FDC-42A3-9474-1A3956D46DE8}") = "Order", "Order", "{B4165CEE-FFD0-4352-9102-621C8FFDBC14}"
EndProject
Project("{9A19103F-16F7-4668-BE54-9A1E7A4F7556}") = "NSE.Order.API", "src\services\NSE.Order.API\NSE.Order.API.csproj", "{F8C84951-F80E-4586-8E2D-ADC9DB1CFAB4}"
EndProject
Project("{2150E333-8FDC-42A3-9474-1A3956D46DE8}") = "Services", "Services", "{8220C9EA-7670-440C-A32B-A826DB57279F}"
EndProject
Project("{9A19103F-16F7-4668-BE54-9A1E7A4F7556}") = "NSE.WebAPI.Core", "src\building blocks\NSE.WebAPI.Core\NSE.WebAPI.Core.csproj", "{C76D3888-2787-4641-8AE7-CD5F49DCA5F7}"
EndProject
Project("{2150E333-8FDC-42A3-9474-1A3956D46DE8}") = "MessageBus", "MessageBus", "{AD7F75E2-60DD-48BA-96B1-02A8384E18B3}"
EndProject
Project("{9A19103F-16F7-4668-BE54-9A1E7A4F7556}") = "NSE.MessageBus", "src\building blocks\NSE.MessageBus\NSE.MessageBus.csproj", "{4268E132-B12A-4013-9BAB-B3A384EDC94E}"
EndProject
Project("{2150E333-8FDC-42A3-9474-1A3956D46DE8}") = "ApiGateways", "ApiGateways", "{D186BB46-4216-427C-8396-DE3395682058}"
EndProject
Project("{2150E333-8FDC-42A3-9474-1A3956D46DE8}") = "Shopping", "Shopping", "{2E262B5B-D110-4CAF-A5D1-CDBB135AD3A8}"
EndProject
Project("{FAE04EC0-301F-11D3-BF4B-00C04F79EFBC}") = "NSE.BFF.Shopping", "src\api gateways\NSE.BFF.Shopping\NSE.BFF.Shopping.csproj", "{EA976B60-36C5-4379-AB08-4EA2C32F7072}"
EndProject
Global
	GlobalSection(SolutionConfigurationPlatforms) = preSolution
		Debug|Any CPU = Debug|Any CPU
		Release|Any CPU = Release|Any CPU
	EndGlobalSection
	GlobalSection(ProjectConfigurationPlatforms) = postSolution
		{0FD67DAD-161A-4018-8104-39A7CE1C6C50}.Debug|Any CPU.ActiveCfg = Debug|Any CPU
		{0FD67DAD-161A-4018-8104-39A7CE1C6C50}.Debug|Any CPU.Build.0 = Debug|Any CPU
		{0FD67DAD-161A-4018-8104-39A7CE1C6C50}.Release|Any CPU.ActiveCfg = Release|Any CPU
		{0FD67DAD-161A-4018-8104-39A7CE1C6C50}.Release|Any CPU.Build.0 = Release|Any CPU
		{13458F30-6D7D-446F-AA5A-9398EF7C01C9}.Debug|Any CPU.ActiveCfg = Debug|Any CPU
		{13458F30-6D7D-446F-AA5A-9398EF7C01C9}.Debug|Any CPU.Build.0 = Debug|Any CPU
		{13458F30-6D7D-446F-AA5A-9398EF7C01C9}.Release|Any CPU.ActiveCfg = Release|Any CPU
		{13458F30-6D7D-446F-AA5A-9398EF7C01C9}.Release|Any CPU.Build.0 = Release|Any CPU
		{533B382B-0739-4328-BF27-D67A5D5764D8}.Debug|Any CPU.ActiveCfg = Debug|Any CPU
		{533B382B-0739-4328-BF27-D67A5D5764D8}.Debug|Any CPU.Build.0 = Debug|Any CPU
		{533B382B-0739-4328-BF27-D67A5D5764D8}.Release|Any CPU.ActiveCfg = Release|Any CPU
		{533B382B-0739-4328-BF27-D67A5D5764D8}.Release|Any CPU.Build.0 = Release|Any CPU
		{4AC580D8-02B8-4B7C-A8F9-4245416A28CC}.Debug|Any CPU.ActiveCfg = Debug|Any CPU
		{4AC580D8-02B8-4B7C-A8F9-4245416A28CC}.Debug|Any CPU.Build.0 = Debug|Any CPU
		{4AC580D8-02B8-4B7C-A8F9-4245416A28CC}.Release|Any CPU.ActiveCfg = Release|Any CPU
		{4AC580D8-02B8-4B7C-A8F9-4245416A28CC}.Release|Any CPU.Build.0 = Release|Any CPU
		{4977A989-CB23-4ADD-8332-5D3C6EAFE927}.Debug|Any CPU.ActiveCfg = Debug|Any CPU
		{4977A989-CB23-4ADD-8332-5D3C6EAFE927}.Debug|Any CPU.Build.0 = Debug|Any CPU
		{4977A989-CB23-4ADD-8332-5D3C6EAFE927}.Release|Any CPU.ActiveCfg = Release|Any CPU
		{4977A989-CB23-4ADD-8332-5D3C6EAFE927}.Release|Any CPU.Build.0 = Release|Any CPU
		{0EF8454B-AFDF-43B5-B0B2-8BD4AC6CCBA2}.Debug|Any CPU.ActiveCfg = Debug|Any CPU
		{0EF8454B-AFDF-43B5-B0B2-8BD4AC6CCBA2}.Debug|Any CPU.Build.0 = Debug|Any CPU
		{0EF8454B-AFDF-43B5-B0B2-8BD4AC6CCBA2}.Release|Any CPU.ActiveCfg = Release|Any CPU
		{0EF8454B-AFDF-43B5-B0B2-8BD4AC6CCBA2}.Release|Any CPU.Build.0 = Release|Any CPU
		{575BCEF1-34ED-4288-BC89-B783402E2C05}.Debug|Any CPU.ActiveCfg = Debug|Any CPU
		{575BCEF1-34ED-4288-BC89-B783402E2C05}.Debug|Any CPU.Build.0 = Debug|Any CPU
		{575BCEF1-34ED-4288-BC89-B783402E2C05}.Release|Any CPU.ActiveCfg = Release|Any CPU
		{575BCEF1-34ED-4288-BC89-B783402E2C05}.Release|Any CPU.Build.0 = Release|Any CPU
		{F8C84951-F80E-4586-8E2D-ADC9DB1CFAB4}.Debug|Any CPU.ActiveCfg = Debug|Any CPU
		{F8C84951-F80E-4586-8E2D-ADC9DB1CFAB4}.Debug|Any CPU.Build.0 = Debug|Any CPU
		{F8C84951-F80E-4586-8E2D-ADC9DB1CFAB4}.Release|Any CPU.ActiveCfg = Release|Any CPU
		{F8C84951-F80E-4586-8E2D-ADC9DB1CFAB4}.Release|Any CPU.Build.0 = Release|Any CPU
		{C76D3888-2787-4641-8AE7-CD5F49DCA5F7}.Debug|Any CPU.ActiveCfg = Debug|Any CPU
		{C76D3888-2787-4641-8AE7-CD5F49DCA5F7}.Debug|Any CPU.Build.0 = Debug|Any CPU
		{C76D3888-2787-4641-8AE7-CD5F49DCA5F7}.Release|Any CPU.ActiveCfg = Release|Any CPU
		{C76D3888-2787-4641-8AE7-CD5F49DCA5F7}.Release|Any CPU.Build.0 = Release|Any CPU
		{4268E132-B12A-4013-9BAB-B3A384EDC94E}.Debug|Any CPU.ActiveCfg = Debug|Any CPU
		{4268E132-B12A-4013-9BAB-B3A384EDC94E}.Debug|Any CPU.Build.0 = Debug|Any CPU
		{4268E132-B12A-4013-9BAB-B3A384EDC94E}.Release|Any CPU.ActiveCfg = Release|Any CPU
		{4268E132-B12A-4013-9BAB-B3A384EDC94E}.Release|Any CPU.Build.0 = Release|Any CPU
		{EA976B60-36C5-4379-AB08-4EA2C32F7072}.Debug|Any CPU.ActiveCfg = Debug|Any CPU
		{EA976B60-36C5-4379-AB08-4EA2C32F7072}.Debug|Any CPU.Build.0 = Debug|Any CPU
		{EA976B60-36C5-4379-AB08-4EA2C32F7072}.Release|Any CPU.ActiveCfg = Release|Any CPU
		{EA976B60-36C5-4379-AB08-4EA2C32F7072}.Release|Any CPU.Build.0 = Release|Any CPU
	EndGlobalSection
	GlobalSection(SolutionProperties) = preSolution
		HideSolutionNode = FALSE
	EndGlobalSection
	GlobalSection(NestedProjects) = preSolution
		{89AD331C-A619-4B95-B63C-9BCF1C468AC1} = {9225A15A-CF95-4E78-A8D1-9A9E11C5EB5C}
		{378CDABB-C7D9-40A6-BD56-94190E8C600F} = {9225A15A-CF95-4E78-A8D1-9A9E11C5EB5C}
		{6C0489BF-43BF-4920-86E9-ABB46794B5F1} = {9225A15A-CF95-4E78-A8D1-9A9E11C5EB5C}
		{ABF2D4CD-8A24-49E1-9317-94546CCAAB85} = {6C0489BF-43BF-4920-86E9-ABB46794B5F1}
		{0FD67DAD-161A-4018-8104-39A7CE1C6C50} = {ABF2D4CD-8A24-49E1-9317-94546CCAAB85}
		{3A9AB884-A655-435D-ADDC-FB2649D78353} = {89AD331C-A619-4B95-B63C-9BCF1C468AC1}
		{13458F30-6D7D-446F-AA5A-9398EF7C01C9} = {3A9AB884-A655-435D-ADDC-FB2649D78353}
		{03668D05-E65C-40AC-ADCC-9D840EE963B3} = {378CDABB-C7D9-40A6-BD56-94190E8C600F}
		{533B382B-0739-4328-BF27-D67A5D5764D8} = {03668D05-E65C-40AC-ADCC-9D840EE963B3}
		{44E39590-44C6-439C-B482-24F5D841CB05} = {378CDABB-C7D9-40A6-BD56-94190E8C600F}
		{4AC580D8-02B8-4B7C-A8F9-4245416A28CC} = {44E39590-44C6-439C-B482-24F5D841CB05}
		{FB227888-B864-420E-9F1C-1E5D28C6E67E} = {378CDABB-C7D9-40A6-BD56-94190E8C600F}
		{4977A989-CB23-4ADD-8332-5D3C6EAFE927} = {FB227888-B864-420E-9F1C-1E5D28C6E67E}
		{EC7F6990-D2E1-4709-8D5A-1AB0AC814C9C} = {378CDABB-C7D9-40A6-BD56-94190E8C600F}
		{0EF8454B-AFDF-43B5-B0B2-8BD4AC6CCBA2} = {EC7F6990-D2E1-4709-8D5A-1AB0AC814C9C}
		{6718C011-B99D-4CF8-A883-D55C5E87CDEC} = {378CDABB-C7D9-40A6-BD56-94190E8C600F}
		{575BCEF1-34ED-4288-BC89-B783402E2C05} = {6718C011-B99D-4CF8-A883-D55C5E87CDEC}
		{B4165CEE-FFD0-4352-9102-621C8FFDBC14} = {378CDABB-C7D9-40A6-BD56-94190E8C600F}
		{F8C84951-F80E-4586-8E2D-ADC9DB1CFAB4} = {B4165CEE-FFD0-4352-9102-621C8FFDBC14}
		{8220C9EA-7670-440C-A32B-A826DB57279F} = {89AD331C-A619-4B95-B63C-9BCF1C468AC1}
		{C76D3888-2787-4641-8AE7-CD5F49DCA5F7} = {8220C9EA-7670-440C-A32B-A826DB57279F}
		{AD7F75E2-60DD-48BA-96B1-02A8384E18B3} = {89AD331C-A619-4B95-B63C-9BCF1C468AC1}
		{4268E132-B12A-4013-9BAB-B3A384EDC94E} = {AD7F75E2-60DD-48BA-96B1-02A8384E18B3}
		{D186BB46-4216-427C-8396-DE3395682058} = {9225A15A-CF95-4E78-A8D1-9A9E11C5EB5C}
		{2E262B5B-D110-4CAF-A5D1-CDBB135AD3A8} = {D186BB46-4216-427C-8396-DE3395682058}
		{EA976B60-36C5-4379-AB08-4EA2C32F7072} = {2E262B5B-D110-4CAF-A5D1-CDBB135AD3A8}
	EndGlobalSection
	GlobalSection(ExtensibilityGlobals) = postSolution
		SolutionGuid = {875BD180-8B9F-43B7-B8A4-FFAA40CDC994}
	EndGlobalSection
EndGlobal
